github.com/otfabric/go-cotp v0.1.2 h1:c0MXqZtbumnEaFnsa4fP4TGimWsqbgkzjgiIRtTyKAo=
github.com/otfabric/go-cotp v0.1.2/go.mod h1:CrKSXo0mtRFhqweqtlHU/6fLMMU1tRIMYN7CIIgdsiY=
github.com/otfabric/go-tpkt v0.1.0 h1:3eUQtqiYkFOJbj29kgmIRfUK49Ab84Sl8U+/lq65QYo=
github.com/otfabric/go-tpkt v0.1.0/go.mod h1:r97sB3GGFRaHaOVDOTn4As6CyWm8EisigTnRAoyYue4=
